
Microsoft Visual Studio Solution File, Format Version 12.00
# Visual Studio Version 17
VisualStudioVersion = 17.11.35303.130
MinimumVisualStudioVersion = 10.0.40219.1
Project("{FAE04EC0-301F-11D3-BF4B-00C04F79EFBC}") = "TestAPI", "TestAPI\TestAPI.csproj", "{FB07137C-DA0E-4EEE-B9CE-220FB032F5B9}"
EndProject
Global
	GlobalSection(SolutionConfigurationPlatforms) = preSolution
		Debug|Any CPU = Debug|Any CPU
		Release|Any CPU = Release|Any CPU
	EndGlobalSection
	GlobalSection(ProjectConfigurationPlatforms) = postSolution
		{FB07137C-DA0E-4EEE-B9CE-220FB032F5B9}.Debug|Any CPU.ActiveCfg = Debug|Any CPU
		{FB07137C-DA0E-4EEE-B9CE-220FB032F5B9}.Debug|Any CPU.Build.0 = Debug|Any CPU
		{FB07137C-DA0E-4EEE-B9CE-220FB032F5B9}.Release|Any CPU.ActiveCfg = Release|Any CPU
		{FB07137C-DA0E-4EEE-B9CE-220FB032F5B9}.Release|Any CPU.Build.0 = Release|Any CPU
	EndGlobalSection
	GlobalSection(SolutionProperties) = preSolution
		HideSolutionNode = FALSE
	EndGlobalSection
	GlobalSection(ExtensibilityGlobals) = postSolution
		SolutionGuid = {97685297-F371-4AFC-84A6-92DD56557D66}
	EndGlobalSection
EndGlobal
